// !$*UTF8*$!
{
	archiveVersion = 1;
	classes = {
	};
	objectVersion = 56;
	objects = {

/* Begin PBXBuildFile section */
		BA3665D62C7F0E8200CF0AEF /* AppDelegate.swift in Sources */ = {isa = PBXBuildFile; fileRef = BA3665D52C7F0E8200CF0AEF /* AppDelegate.swift */; };
		BA3665D82C7F0E8200CF0AEF /* SceneDelegate.swift in Sources */ = {isa = PBXBuildFile; fileRef = BA3665D72C7F0E8200CF0AEF /* SceneDelegate.swift */; };
		BA3665DA2C7F0E8200CF0AEF /* ViewController.swift in Sources */ = {isa = PBXBuildFile; fileRef = BA3665D92C7F0E8200CF0AEF /* ViewController.swift */; };
		BA3665DD2C7F0E8200CF0AEF /* Main.storyboard in Resources */ = {isa = PBXBuildFile; fileRef = BA3665DB2C7F0E8200CF0AEF /* Main.storyboard */; };
		BA3665DF2C7F0E8500CF0AEF /* Assets.xcassets in Resources */ = {isa = PBXBuildFile; fileRef = BA3665DE2C7F0E8500CF0AEF /* Assets.xcassets */; };
		BA3665E22C7F0E8500CF0AEF /* LaunchScreen.storyboard in Resources */ = {isa = PBXBuildFile; fileRef = BA3665E02C7F0E8500CF0AEF /* LaunchScreen.storyboard */; };
		BADCF1782C7F133D0052942D /* Country.swift in Sources */ = {isa = PBXBuildFile; fileRef = BADCF1762C7F133D0052942D /* Country.swift */; };
		BADCF1792C7F133D0052942D /* CountryData.swift in Sources */ = {isa = PBXBuildFile; fileRef = BADCF1772C7F133D0052942D /* CountryData.swift */; };
		BADCF1822C7F134B0052942D /* SelectedCountryCell.swift in Sources */ = {isa = PBXBuildFile; fileRef = BADCF17B2C7F134B0052942D /* SelectedCountryCell.swift */; };
		BADCF1832C7F134B0052942D /* SelectedCountryCell.xib in Resources */ = {isa = PBXBuildFile; fileRef = BADCF17C2C7F134B0052942D /* SelectedCountryCell.xib */; };
		BADCF1852C7F134B0052942D /* CustomTableViewCell.xib in Resources */ = {isa = PBXBuildFile; fileRef = BADCF1802C7F134B0052942D /* CustomTableViewCell.xib */; };
		BADCF1862C7F134B0052942D /* CustomTableViewCell.swift in Sources */ = {isa = PBXBuildFile; fileRef = BADCF1812C7F134B0052942D /* CustomTableViewCell.swift */; };
		BADCF18A2C7F13560052942D /* SelectedCountriesViewController.swift in Sources */ = {isa = PBXBuildFile; fileRef = BADCF1882C7F13560052942D /* SelectedCountriesViewController.swift */; };
		BADCF18B2C7F13560052942D /* ContriesListViewController.swift in Sources */ = {isa = PBXBuildFile; fileRef = BADCF1892C7F13560052942D /* ContriesListViewController.swift */; };
/* End PBXBuildFile section */

/* Begin PBXFileReference section */
		BA3665D22C7F0E8200CF0AEF /* Country List Demo.app */ = {isa = PBXFileReference; explicitFileType = wrapper.application; includeInIndex = 0; path = "Country List Demo.app"; sourceTree = BUILT_PRODUCTS_DIR; };
		BA3665D52C7F0E8200CF0AEF /* AppDelegate.swift */ = {isa = PBXFileReference; lastKnownFileType = sourcecode.swift; path = AppDelegate.swift; sourceTree = "<group>"; };
		BA3665D72C7F0E8200CF0AEF /* SceneDelegate.swift */ = {isa = PBXFileReference; lastKnownFileType = sourcecode.swift; path = SceneDelegate.swift; sourceTree = "<group>"; };
		BA3665D92C7F0E8200CF0AEF /* ViewController.swift */ = {isa = PBXFileReference; lastKnownFileType = sourcecode.swift; path = ViewController.swift; sourceTree = "<group>"; };
		BA3665DC2C7F0E8200CF0AEF /* Base */ = {isa = PBXFileReference; lastKnownFileType = file.storyboard; name = Base; path = Base.lproj/Main.storyboard; sourceTree = "<group>"; };
		BA3665DE2C7F0E8500CF0AEF /* Assets.xcassets */ = {isa = PBXFileReference; lastKnownFileType = folder.assetcatalog; path = Assets.xcassets; sourceTree = "<group>"; };
		BA3665E12C7F0E8500CF0AEF /* Base */ = {isa = PBXFileReference; lastKnownFileType = file.storyboard; name = Base; path = Base.lproj/LaunchScreen.storyboard; sourceTree = "<group>"; };
		BA3665E32C7F0E8500CF0AEF /* Info.plist */ = {isa = PBXFileReference; lastKnownFileType = text.plist.xml; path = Info.plist; sourceTree = "<group>"; };
		BADCF1762C7F133D0052942D /* Country.swift */ = {isa = PBXFileReference; fileEncoding = 4; lastKnownFileType = sourcecode.swift; path = Country.swift; sourceTree = "<group>"; };
		BADCF1772C7F133D0052942D /* CountryData.swift */ = {isa = PBXFileReference; fileEncoding = 4; lastKnownFileType = sourcecode.swift; path = CountryData.swift; sourceTree = "<group>"; };
		BADCF17B2C7F134B0052942D /* SelectedCountryCell.swift */ = {isa = PBXFileReference; fileEncoding = 4; lastKnownFileType = sourcecode.swift; path = SelectedCountryCell.swift; sourceTree = "<group>"; };
		BADCF17C2C7F134B0052942D /* SelectedCountryCell.xib */ = {isa = PBXFileReference; fileEncoding = 4; lastKnownFileType = file.xib; path = SelectedCountryCell.xib; sourceTree = "<group>"; };
		BADCF1802C7F134B0052942D /* CustomTableViewCell.xib */ = {isa = PBXFileReference; fileEncoding = 4; lastKnownFileType = file.xib; path = CustomTableViewCell.xib; sourceTree = "<group>"; };
		BADCF1812C7F134B0052942D /* CustomTableViewCell.swift */ = {isa = PBXFileReference; fileEncoding = 4; lastKnownFileType = sourcecode.swift; path = CustomTableViewCell.swift; sourceTree = "<group>"; };
		BADCF1882C7F13560052942D /* SelectedCountriesViewController.swift */ = {isa = PBXFileReference; fileEncoding = 4; lastKnownFileType = sourcecode.swift; path = SelectedCountriesViewController.swift; sourceTree = "<group>"; };
		BADCF1892C7F13560052942D /* ContriesListViewController.swift */ = {isa = PBXFileReference; fileEncoding = 4; lastKnownFileType = sourcecode.swift; path = ContriesListViewController.swift; sourceTree = "<group>"; };
/* End PBXFileReference section */

/* Begin PBXFrameworksBuildPhase section */
		BA3665CF2C7F0E8200CF0AEF /* Frameworks */ = {
			isa = PBXFrameworksBuildPhase;
			buildActionMask = 2147483647;
			files = (
			);
			runOnlyForDeploymentPostprocessing = 0;
		};
/* End PBXFrameworksBuildPhase section */

/* Begin PBXGroup section */
		BA3665C92C7F0E8200CF0AEF = {
			isa = PBXGroup;
			children = (
				BA3665D42C7F0E8200CF0AEF /* Country List Demo */,
				BA3665D32C7F0E8200CF0AEF /* Products */,
			);
			sourceTree = "<group>";
		};
		BA3665D32C7F0E8200CF0AEF /* Products */ = {
			isa = PBXGroup;
			children = (
				BA3665D22C7F0E8200CF0AEF /* Country List Demo.app */,
			);
			name = Products;
			sourceTree = "<group>";
		};
		BA3665D42C7F0E8200CF0AEF /* Country List Demo */ = {
			isa = PBXGroup;
			children = (
				BADCF1872C7F13560052942D /* Controller */,
				BADCF17A2C7F134B0052942D /* View */,
				BADCF1752C7F133D0052942D /* Model */,
				BA3665D52C7F0E8200CF0AEF /* AppDelegate.swift */,
				BA3665D72C7F0E8200CF0AEF /* SceneDelegate.swift */,
				BA3665D92C7F0E8200CF0AEF /* ViewController.swift */,
				BA3665DE2C7F0E8500CF0AEF /* Assets.xcassets */,
				BA3665E02C7F0E8500CF0AEF /* LaunchScreen.storyboard */,
				BA3665E32C7F0E8500CF0AEF /* Info.plist */,
			);
			path = "Country List Demo";
			sourceTree = "<group>";
		};
		BADCF1752C7F133D0052942D /* Model */ = {
			isa = PBXGroup;
			children = (
				BADCF1762C7F133D0052942D /* Country.swift */,
				BADCF1772C7F133D0052942D /* CountryData.swift */,
			);
			path = Model;
			sourceTree = "<group>";
		};
		BADCF17A2C7F134B0052942D /* View */ = {
			isa = PBXGroup;
			children = (
				BADCF17B2C7F134B0052942D /* SelectedCountryCell.swift */,
				BADCF17C2C7F134B0052942D /* SelectedCountryCell.xib */,
				BA3665DB2C7F0E8200CF0AEF /* Main.storyboard */,
				BADCF17F2C7F134B0052942D /* Cell */,
			);
			path = View;
			sourceTree = "<group>";
		};
		BADCF17F2C7F134B0052942D /* Cell */ = {
			isa = PBXGroup;
			children = (
				BADCF1802C7F134B0052942D /* CustomTableViewCell.xib */,
				BADCF1812C7F134B0052942D /* CustomTableViewCell.swift */,
			);
			path = Cell;
			sourceTree = "<group>";
		};
		BADCF1872C7F13560052942D /* Controller */ = {
			isa = PBXGroup;
			children = (
				BADCF1882C7F13560052942D /* SelectedCountriesViewController.swift */,
				BADCF1892C7F13560052942D /* ContriesListViewController.swift */,
			);
			path = Controller;
			sourceTree = "<group>";
		};
/* End PBXGroup section */

/* Begin PBXNativeTarget section */
		BA3665D12C7F0E8200CF0AEF /* Country List Demo */ = {
			isa = PBXNativeTarget;
			buildConfigurationList = BA3665E62C7F0E8500CF0AEF /* Build configuration list for PBXNativeTarget "Country List Demo" */;
			buildPhases = (
				BA3665CE2C7F0E8200CF0AEF /* Sources */,
				BA3665CF2C7F0E8200CF0AEF /* Frameworks */,
				BA3665D02C7F0E8200CF0AEF /* Resources */,
			);
			buildRules = (
			);
			dependencies = (
			);
			name = "Country List Demo";
			productName = "Country List Demo";
			productReference = BA3665D22C7F0E8200CF0AEF /* Country List Demo.app */;
			productType = "com.apple.product-type.application";
		};
/* End PBXNativeTarget section */

/* Begin PBXProject section */
		BA3665CA2C7F0E8200CF0AEF /* Project object */ = {
			isa = PBXProject;
			attributes = {
				BuildIndependentTargetsInParallel = 1;
				LastSwiftUpdateCheck = 1520;
				LastUpgradeCheck = 1520;
				TargetAttributes = {
					BA3665D12C7F0E8200CF0AEF = {
						CreatedOnToolsVersion = 15.2;
					};
				};
			};
			buildConfigurationList = BA3665CD2C7F0E8200CF0AEF /* Build configuration list for PBXProject "Country List Demo" */;
			compatibilityVersion = "Xcode 14.0";
			developmentRegion = en;
			hasScannedForEncodings = 0;
			knownRegions = (
				en,
				Base,
			);
			mainGroup = BA3665C92C7F0E8200CF0AEF;
			productRefGroup = BA3665D32C7F0E8200CF0AEF /* Products */;
			projectDirPath = "";
			projectRoot = "";
			targets = (
				BA3665D12C7F0E8200CF0AEF /* Country List Demo */,
			);
		};
/* End PBXProject section */

/* Begin PBXResourcesBuildPhase section */
		BA3665D02C7F0E8200CF0AEF /* Resources */ = {
			isa = PBXResourcesBuildPhase;
			buildActionMask = 2147483647;
			files = (
				BA3665E22C7F0E8500CF0AEF /* LaunchScreen.storyboard in Resources */,
				BADCF1852C7F134B0052942D /* CustomTableViewCell.xib in Resources */,
				BADCF1832C7F134B0052942D /* SelectedCountryCell.xib in Resources */,
				BA3665DF2C7F0E8500CF0AEF /* Assets.xcassets in Resources */,
				BA3665DD2C7F0E8200CF0AEF /* Main.storyboard in Resources */,
			);
			runOnlyForDeploymentPostprocessing = 0;
		};
/* End PBXResourcesBuildPhase section */

/* Begin PBXSourcesBuildPhase section */
		BA3665CE2C7F0E8200CF0AEF /* Sources */ = {
			isa = PBXSourcesBuildPhase;
			buildActionMask = 2147483647;
			files = (
				BADCF1782C7F133D0052942D /* Country.swift in Sources */,
				BADCF1792C7F133D0052942D /* CountryData.swift in Sources */,
				BA3665DA2C7F0E8200CF0AEF /* ViewController.swift in Sources */,
				BADCF1862C7F134B0052942D /* CustomTableViewCell.swift in Sources */,
				BADCF18A2C7F13560052942D /* SelectedCountriesViewController.swift in Sources */,
				BADCF18B2C7F13560052942D /* ContriesListViewController.swift in Sources */,
				BADCF1822C7F134B0052942D /* SelectedCountryCell.swift in Sources */,
				BA3665D62C7F0E8200CF0AEF /* AppDelegate.swift in Sources */,
				BA3665D82C7F0E8200CF0AEF /* SceneDelegate.swift in Sources */,
			);
			runOnlyForDeploymentPostprocessing = 0;
		};
/* End PBXSourcesBuildPhase section */

/* Begin PBXVariantGroup section */
		BA3665DB2C7F0E8200CF0AEF /* Main.storyboard */ = {
			isa = PBXVariantGroup;
			children = (
				BA3665DC2C7F0E8200CF0AEF /* Base */,
			);
			name = Main.storyboard;
			sourceTree = "<group>";
		};
		BA3665E02C7F0E8500CF0AEF /* LaunchScreen.storyboard */ = {
			isa = PBXVariantGroup;
			children = (
				BA3665E12C7F0E8500CF0AEF /* Base */,
			);
			name = LaunchScreen.storyboard;
			sourceTree = "<group>";
		};
/* End PBXVariantGroup section */

/* Begin XCBuildConfiguration section */
		BA3665E42C7F0E8500CF0AEF /* Debug */ = {
			isa = XCBuildConfiguration;
			buildSettings = {
				ALWAYS_SEARCH_USER_PATHS = NO;
				ASSETCATALOG_COMPILER_GENERATE_SWIFT_ASSET_SYMBOL_EXTENSIONS = YES;
				CLANG_ANALYZER_NONNULL = YES;
				CLANG_ANALYZER_NUMBER_OBJECT_CONVERSION = YES_AGGRESSIVE;
				CLANG_CXX_LANGUAGE_STANDARD = "gnu++20";
				CLANG_ENABLE_MODULES = YES;
				CLANG_ENABLE_OBJC_ARC = YES;
				CLANG_ENABLE_OBJC_WEAK = YES;
				CLANG_WARN_BLOCK_CAPTURE_AUTORELEASING = YES;
				CLANG_WARN_BOOL_CONVERSION = YES;
				CLANG_WARN_COMMA = YES;
				CLANG_WARN_CONSTANT_CONVERSION = YES;
				CLANG_WARN_DEPRECATED_OBJC_IMPLEMENTATIONS = YES;
				CLANG_WARN_DIRECT_OBJC_ISA_USAGE = YES_ERROR;
				CLANG_WARN_DOCUMENTATION_COMMENTS = YES;
				CLANG_WARN_EMPTY_BODY = YES;
				CLANG_WARN_ENUM_CONVERSION = YES;
				CLANG_WARN_INFINITE_RECURSION = YES;
				CLANG_WARN_INT_CONVERSION = YES;
				CLANG_WARN_NON_LITERAL_NULL_CONVERSION = YES;
				CLANG_WARN_OBJC_IMPLICIT_RETAIN_SELF = YES;
				CLANG_WARN_OBJC_LITERAL_CONVERSION = YES;
				CLANG_WARN_OBJC_ROOT_CLASS = YES_ERROR;
				CLANG_WARN_QUOTED_INCLUDE_IN_FRAMEWORK_HEADER = YES;
				CLANG_WARN_RANGE_LOOP_ANALYSIS = YES;
				CLANG_WARN_STRICT_PROTOTYPES = YES;
				CLANG_WARN_SUSPICIOUS_MOVE = YES;
				CLANG_WARN_UNGUARDED_AVAILABILITY = YES_AGGRESSIVE;
				CLANG_WARN_UNREACHABLE_CODE = YES;
				CLANG_WARN__DUPLICATE_METHOD_MATCH = YES;
				COPY_PHASE_STRIP = NO;
				DEBUG_INFORMATION_FORMAT = dwarf;
				ENABLE_STRICT_OBJC_MSGSEND = YES;
				ENABLE_TESTABILITY = YES;
				ENABLE_USER_SCRIPT_SANDBOXING = YES;
				GCC_C_LANGUAGE_STANDARD = gnu17;
				GCC_DYNAMIC_NO_PIC = NO;
				GCC_NO_COMMON_BLOCKS = YES;
				GCC_OPTIMIZATION_LEVEL = 0;
				GCC_PREPROCESSOR_DEFINITIONS = (
					"DEBUG=1",
					"$(inherited)",
				);
				GCC_WARN_64_TO_32_BIT_CONVERSION = YES;
				GCC_WARN_ABOUT_RETURN_TYPE = YES_ERROR;
				GCC_WARN_UNDECLARED_SELECTOR = YES;
				GCC_WARN_UNINITIALIZED_AUTOS = YES_AGGRESSIVE;
				GCC_WARN_UNUSED_FUNCTION = YES;
				GCC_WARN_UNUSED_VARIABLE = YES;
				IPHONEOS_DEPLOYMENT_TARGET = 17.2;
				LOCALIZATION_PREFERS_STRING_CATALOGS = YES;
				MTL_ENABLE_DEBUG_INFO = INCLUDE_SOURCE;
				MTL_FAST_MATH = YES;
				ONLY_ACTIVE_ARCH = YES;
				SDKROOT = iphoneos;
				SWIFT_ACTIVE_COMPILATION_CONDITIONS = "DEBUG $(inherited)";
				SWIFT_OPTIMIZATION_LEVEL = "-Onone";
			};
			name = Debug;
		};
		BA3665E52C7F0E8500CF0AEF /* Release */ = {
			isa = XCBuildConfiguration;
			buildSettings = {
				ALWAYS_SEARCH_USER_PATHS = NO;
				ASSETCATALOG_COMPILER_GENERATE_SWIFT_ASSET_SYMBOL_EXTENSIONS = YES;
				CLANG_ANALYZER_NONNULL = YES;
				CLANG_ANALYZER_NUMBER_OBJECT_CONVERSION = YES_AGGRESSIVE;
				CLANG_CXX_LANGUAGE_STANDARD = "gnu++20";
				CLANG_ENABLE_MODULES = YES;
				CLANG_ENABLE_OBJC_ARC = YES;
				CLANG_ENABLE_OBJC_WEAK = YES;
				CLANG_WARN_BLOCK_CAPTURE_AUTORELEASING = YES;
				CLANG_WARN_BOOL_CONVERSION = YES;
				CLANG_WARN_COMMA = YES;
				CLANG_WARN_CONSTANT_CONVERSION = YES;
				CLANG_WARN_DEPRECATED_OBJC_IMPLEMENTATIONS = YES;
				CLANG_WARN_DIRECT_OBJC_ISA_USAGE = YES_ERROR;
				CLANG_WARN_DOCUMENTATION_COMMENTS = YES;
				CLANG_WARN_EMPTY_BODY = YES;
				CLANG_WARN_ENUM_CONVERSION = YES;
				CLANG_WARN_INFINITE_RECURSION = YES;
				CLANG_WARN_INT_CONVERSION = YES;
				CLANG_WARN_NON_LITERAL_NULL_CONVERSION = YES;
				CLANG_WARN_OBJC_IMPLICIT_RETAIN_SELF = YES;
				CLANG_WARN_OBJC_LITERAL_CONVERSION = YES;
				CLANG_WARN_OBJC_ROOT_CLASS = YES_ERROR;
				CLANG_WARN_QUOTED_INCLUDE_IN_FRAMEWORK_HEADER = YES;
				CLANG_WARN_RANGE_LOOP_ANALYSIS = YES;
				CLANG_WARN_STRICT_PROTOTYPES = YES;
				CLANG_WARN_SUSPICIOUS_MOVE = YES;
				CLANG_WARN_UNGUARDED_AVAILABILITY = YES_AGGRESSIVE;
				CLANG_WARN_UNREACHABLE_CODE = YES;
				CLANG_WARN__DUPLICATE_METHOD_MATCH = YES;
				COPY_PHASE_STRIP = NO;
				DEBUG_INFORMATION_FORMAT = "dwarf-with-dsym";
				ENABLE_NS_ASSERTIONS = NO;
				ENABLE_STRICT_OBJC_MSGSEND = YES;
				ENABLE_USER_SCRIPT_SANDBOXING = YES;
				GCC_C_LANGUAGE_STANDARD = gnu17;
				GCC_NO_COMMON_BLOCKS = YES;
				GCC_WARN_64_TO_32_BIT_CONVERSION = YES;
				GCC_WARN_ABOUT_RETURN_TYPE = YES_ERROR;
				GCC_WARN_UNDECLARED_SELECTOR = YES;
				GCC_WARN_UNINITIALIZED_AUTOS = YES_AGGRESSIVE;
				GCC_WARN_UNUSED_FUNCTION = YES;
				GCC_WARN_UNUSED_VARIABLE = YES;
				IPHONEOS_DEPLOYMENT_TARGET = 17.2;
				LOCALIZATION_PREFERS_STRING_CATALOGS = YES;
				MTL_ENABLE_DEBUG_INFO = NO;
				MTL_FAST_MATH = YES;
				SDKROOT = iphoneos;
				SWIFT_COMPILATION_MODE = wholemodule;
				VALIDATE_PRODUCT = YES;
			};
			name = Release;
		};
		BA3665E72C7F0E8500CF0AEF /* Debug */ = {
			isa = XCBuildConfiguration;
			buildSettings = {
				ASSETCATALOG_COMPILER_APPICON_NAME = AppIcon;
				ASSETCATALOG_COMPILER_GLOBAL_ACCENT_COLOR_NAME = AccentColor;
				CODE_SIGN_STYLE = Automatic;
				CURRENT_PROJECT_VERSION = 1;
				DEVELOPMENT_TEAM = YBC6QZE5G7;
				GENERATE_INFOPLIST_FILE = YES;
				INFOPLIST_FILE = "Country List Demo/Info.plist";
				INFOPLIST_KEY_UIApplicationSupportsIndirectInputEvents = YES;
				INFOPLIST_KEY_UILaunchStoryboardName = LaunchScreen;
				INFOPLIST_KEY_UIMainStoryboardFile = Main;
				INFOPLIST_KEY_UISupportedInterfaceOrientations_iPad = "UIInterfaceOrientationPortrait UIInterfaceOrientationPortraitUpsideDown UIInterfaceOrientationLandscapeLeft UIInterfaceOrientationLandscapeRight";
				INFOPLIST_KEY_UISupportedInterfaceOrientations_iPhone = "UIInterfaceOrientationPortrait UIInterfaceOrientationLandscapeLeft UIInterfaceOrientationLandscapeRight";
				IPHONEOS_DEPLOYMENT_TARGET = 16.0;
				LD_RUNPATH_SEARCH_PATHS = (
					"$(inherited)",
					"@executable_path/Frameworks",
				);
				MARKETING_VERSION = 1.0;
				PRODUCT_BUNDLE_IDENTIFIER = "com.SSLPinningImp.Country-List-Demo";
				PRODUCT_NAME = "$(TARGET_NAME)";
				SWIFT_EMIT_LOC_STRINGS = YES;
				SWIFT_VERSION = 5.0;
				TARGETED_DEVICE_FAMILY = "1,2";
			};
			name = Debug;
		};
		BA3665E82C7F0E8500CF0AEF /* Release */ = {
			isa = XCBuildConfiguration;
			buildSettings = {
				ASSETCATALOG_COMPILER_APPICON_NAME = AppIcon;
				ASSETCATALOG_COMPILER_GLOBAL_ACCENT_COLOR_NAME = AccentColor;
				CODE_SIGN_STYLE = Automatic;
				CURRENT_PROJECT_VERSION = 1;
				DEVELOPMENT_TEAM = YBC6QZE5G7;
				GENERATE_INFOPLIST_FILE = YES;
				INFOPLIST_FILE = "Country List Demo/Info.plist";
				INFOPLIST_KEY_UIApplicationSupportsIndirectInputEvents = YES;
				INFOPLIST_KEY_UILaunchStoryboardName = LaunchScreen;
				INFOPLIST_KEY_UIMainStoryboardFile = Main;
				INFOPLIST_KEY_UISupportedInterfaceOrientations_iPad = "UIInterfaceOrientationPortrait UIInterfaceOrientationPortraitUpsideDown UIInterfaceOrientationLandscapeLeft UIInterfaceOrientationLandscapeRight";
				INFOPLIST_KEY_UISupportedInterfaceOrientations_iPhone = "UIInterfaceOrientationPortrait UIInterfaceOrientationLandscapeLeft UIInterfaceOrientationLandscapeRight";
				IPHONEOS_DEPLOYMENT_TARGET = 16.0;
				LD_RUNPATH_SEARCH_PATHS = (
					"$(inherited)",
					"@executable_path/Frameworks",
				);
				MARKETING_VERSION = 1.0;
				PRODUCT_BUNDLE_IDENTIFIER = "com.SSLPinningImp.Country-List-Demo";
				PRODUCT_NAME = "$(TARGET_NAME)";
				SWIFT_EMIT_LOC_STRINGS = YES;
				SWIFT_VERSION = 5.0;
				TARGETED_DEVICE_FAMILY = "1,2";
			};
			name = Release;
		};
/* End XCBuildConfiguration section */

/* Begin XCConfigurationList section */
		BA3665CD2C7F0E8200CF0AEF /* Build configuration list for PBXProject "Country List Demo" */ = {
			isa = XCConfigurationList;
			buildConfigurations = (
				BA3665E42C7F0E8500CF0AEF /* Debug */,
				BA3665E52C7F0E8500CF0AEF /* Release */,
			);
			defaultConfigurationIsVisible = 0;
			defaultConfigurationName = Release;
		};
		BA3665E62C7F0E8500CF0AEF /* Build configuration list for PBXNativeTarget "Country List Demo" */ = {
			isa = XCConfigurationList;
			buildConfigurations = (
				BA3665E72C7F0E8500CF0AEF /* Debug */,
				BA3665E82C7F0E8500CF0AEF /* Release */,
			);
			defaultConfigurationIsVisible = 0;
			defaultConfigurationName = Release;
		};
/* End XCConfigurationList section */
	};
	rootObject = BA3665CA2C7F0E8200CF0AEF /* Project object */;
}
